
Microsoft Visual Studio Solution File, Format Version 12.00
# Visual Studio Version 17
VisualStudioVersion = 17.6.33815.320
MinimumVisualStudioVersion = 10.0.40219.1
Project("{FAE04EC0-301F-11D3-BF4B-00C04F79EFBC}") = "WorkingWithJenkinsProject", "WorkingWithJenkinsProject\WorkingWithJenkinsProject.csproj", "{36E72738-B06C-4194-8850-C81D89BDBB8C}"
EndProject
Global
	GlobalSection(SolutionConfigurationPlatforms) = preSolution
		Debug|Any CPU = Debug|Any CPU
		Release|Any CPU = Release|Any CPU
	EndGlobalSection
	GlobalSection(ProjectConfigurationPlatforms) = postSolution
		{36E72738-B06C-4194-8850-C81D89BDBB8C}.Debug|Any CPU.ActiveCfg = Debug|Any CPU
		{36E72738-B06C-4194-8850-C81D89BDBB8C}.Debug|Any CPU.Build.0 = Debug|Any CPU
		{36E72738-B06C-4194-8850-C81D89BDBB8C}.Release|Any CPU.ActiveCfg = Release|Any CPU
		{36E72738-B06C-4194-8850-C81D89BDBB8C}.Release|Any CPU.Build.0 = Release|Any CPU
	EndGlobalSection
	GlobalSection(SolutionProperties) = preSolution
		HideSolutionNode = FALSE
	EndGlobalSection
	GlobalSection(ExtensibilityGlobals) = postSolution
		SolutionGuid = {0987EE1D-48A7-43C6-8FF1-EDFBBDB96476}
	EndGlobalSection
EndGlobal
